Microsoft Visual Studio Solution File, Format Version 12.00
# Visual Studio Version 17
VisualStudioVersion = 17.8.34316.72
MinimumVisualStudioVersion = 10.0.40219.1
Project("{9A19103F-16F7-4668-BE54-9A1E7A4F7556}") = "Bragar", "Bragar.csproj", "{9CE57AAD-37B8-420D-952A-C6EF485A38FC}"
EndProject
Global
	GlobalSection(SolutionConfigurationPlatforms) = preSolution
		Debug|Any CPU = Debug|Any CPU
		Release|Any CPU = Release|Any CPU
	EndGlobalSection
	GlobalSection(ProjectConfigurationPlatforms) = postSolution
		{9CE57AAD-37B8-420D-952A-C6EF485A38FC}.Debug|Any CPU.ActiveCfg = Debug|Any CPU
		{9CE57AAD-37B8-420D-952A-C6EF485A38FC}.Debug|Any CPU.Build.0 = Debug|Any CPU
		{9CE57AAD-37B8-420D-952A-C6EF485A38FC}.Release|Any CPU.ActiveCfg = Release|Any CPU
		{9CE57AAD-37B8-420D-952A-C6EF485A38FC}.Release|Any CPU.Build.0 = Release|Any CPU
	EndGlobalSection
	GlobalSection(SolutionProperties) = preSolution
		HideSolutionNode = FALSE
	EndGlobalSection
	GlobalSection(ExtensibilityGlobals) = postSolution
		SolutionGuid = {ED202C5C-FF87-4708-A63A-B44E75463056}
	EndGlobalSection
EndGlobal
